
Microsoft Visual Studio Solution File, Format Version 12.00
# Visual Studio Version 16
VisualStudioVersion = 16.0.30517.126
MinimumVisualStudioVersion = 10.0.40219.1
Project("{FAE04EC0-301F-11D3-BF4B-00C04F79EFBC}") = "BookTCPServer", "BookTCPServer\BookTCPServer.csproj", "{AA6BF7CF-2761-42EA-8F79-C921AD2CE85B}"
EndProject
Global
	GlobalSection(SolutionConfigurationPlatforms) = preSolution
		Debug|Any CPU = Debug|Any CPU
		Release|Any CPU = Release|Any CPU
	EndGlobalSection
	GlobalSection(ProjectConfigurationPlatforms) = postSolution
		{AA6BF7CF-2761-42EA-8F79-C921AD2CE85B}.Debug|Any CPU.ActiveCfg = Debug|Any CPU
		{AA6BF7CF-2761-42EA-8F79-C921AD2CE85B}.Debug|Any CPU.Build.0 = Debug|Any CPU
		{AA6BF7CF-2761-42EA-8F79-C921AD2CE85B}.Release|Any CPU.ActiveCfg = Release|Any CPU
		{AA6BF7CF-2761-42EA-8F79-C921AD2CE85B}.Release|Any CPU.Build.0 = Release|Any CPU
	EndGlobalSection
	GlobalSection(SolutionProperties) = preSolution
		HideSolutionNode = FALSE
	EndGlobalSection
	GlobalSection(ExtensibilityGlobals) = postSolution
		SolutionGuid = {AD08E0DE-AC4A-4E55-B8FF-0C64CC77E9D3}
	EndGlobalSection
EndGlobal
